// !$*UTF8*$!
{
	archiveVersion = 1;
	classes = {
	};
	objectVersion = 51;
	objects = {

/* Begin PBXBuildFile section */
		24E05FF422C536B300834421 /* PhotosViewController.m in Sources */ = {isa = PBXBuildFile; fileRef = 24E05FF322C536B300834421 /* PhotosViewController.m */; };
		24E05FF822C53C1300834421 /* PhotoCell.m in Sources */ = {isa = PBXBuildFile; fileRef = 24E05FF722C53C1300834421 /* PhotoCell.m */; };
		30845BB602A7FA908D103E8D /* Pods_Tumblr.framework in Frameworks */ = {isa = PBXBuildFile; fileRef = 97F21DA297B03525314A1BED /* Pods_Tumblr.framework */; };
		471E158E71E6961B2DE2D8D8 /* Pods_TumblrTests.framework in Frameworks */ = {isa = PBXBuildFile; fileRef = 75202CEB9EE3A136F5CB7900 /* Pods_TumblrTests.framework */; };
		A566046C22C5343300B72A5C /* AppDelegate.m in Sources */ = {isa = PBXBuildFile; fileRef = A566046B22C5343300B72A5C /* AppDelegate.m */; };
		A566047222C5343300B72A5C /* Main.storyboard in Resources */ = {isa = PBXBuildFile; fileRef = A566047022C5343300B72A5C /* Main.storyboard */; };
		A566047422C5343400B72A5C /* Assets.xcassets in Resources */ = {isa = PBXBuildFile; fileRef = A566047322C5343400B72A5C /* Assets.xcassets */; };
		A566047722C5343400B72A5C /* LaunchScreen.storyboard in Resources */ = {isa = PBXBuildFile; fileRef = A566047522C5343400B72A5C /* LaunchScreen.storyboard */; };
		A566047A22C5343400B72A5C /* main.m in Sources */ = {isa = PBXBuildFile; fileRef = A566047922C5343400B72A5C /* main.m */; };
		A566048422C5343400B72A5C /* TumblrTests.m in Sources */ = {isa = PBXBuildFile; fileRef = A566048322C5343400B72A5C /* TumblrTests.m */; };
		A566048F22C5343400B72A5C /* TumblrUITests.m in Sources */ = {isa = PBXBuildFile; fileRef = A566048E22C5343400B72A5C /* TumblrUITests.m */; };
		E62A792EB1F1A123CFAD1C40 /* Pods_TumblrUITests.framework in Frameworks */ = {isa = PBXBuildFile; fileRef = 2562C07EE78BCE75560B53F2 /* Pods_TumblrUITests.framework */; };
/* End PBXBuildFile section */

/* Begin PBXContainerItemProxy section */
		A566048022C5343400B72A5C /* PBXContainerItemProxy */ = {
			isa = PBXContainerItemProxy;
			containerPortal = A566045F22C5343300B72A5C /* Project object */;
			proxyType = 1;
			remoteGlobalIDString = A566046622C5343300B72A5C;
			remoteInfo = Tumblr;
		};
		A566048B22C5343400B72A5C /* PBXContainerItemProxy */ = {
			isa = PBXContainerItemProxy;
			containerPortal = A566045F22C5343300B72A5C /* Project object */;
			proxyType = 1;
			remoteGlobalIDString = A566046622C5343300B72A5C;
			remoteInfo = Tumblr;
		};
/* End PBXContainerItemProxy section */

/* Begin PBXFileReference section */
		0DD6424C345D44866A566DCE /* Pods-TumblrUITests.debug.xcconfig */ = {isa = PBXFileReference; includeInIndex = 1; lastKnownFileType = text.xcconfig; name = "Pods-TumblrUITests.debug.xcconfig"; path = "Target Support Files/Pods-TumblrUITests/Pods-TumblrUITests.debug.xcconfig"; sourceTree = "<group>"; };
		24E05FF222C536B300834421 /* PhotosViewController.h */ = {isa = PBXFileReference; lastKnownFileType = sourcecode.c.h; path = PhotosViewController.h; sourceTree = "<group>"; };
		24E05FF322C536B300834421 /* PhotosViewController.m */ = {isa = PBXFileReference; lastKnownFileType = sourcecode.c.objc; path = PhotosViewController.m; sourceTree = "<group>"; };
		24E05FF622C53C1300834421 /* PhotoCell.h */ = {isa = PBXFileReference; lastKnownFileType = sourcecode.c.h; path = PhotoCell.h; sourceTree = "<group>"; };
		24E05FF722C53C1300834421 /* PhotoCell.m */ = {isa = PBXFileReference; lastKnownFileType = sourcecode.c.objc; path = PhotoCell.m; sourceTree = "<group>"; };
		2562C07EE78BCE75560B53F2 /* Pods_TumblrUITests.framework */ = {isa = PBXFileReference; explicitFileType = wrapper.framework; includeInIndex = 0; path = Pods_TumblrUITests.framework; sourceTree = BUILT_PRODUCTS_DIR; };
		2EECFE802837DE2AD49B39F4 /* Pods-Tumblr.debug.xcconfig */ = {isa = PBXFileReference; includeInIndex = 1; lastKnownFileType = text.xcconfig; name = "Pods-Tumblr.debug.xcconfig"; path = "Target Support Files/Pods-Tumblr/Pods-Tumblr.debug.xcconfig"; sourceTree = "<group>"; };
		436B04AA0F3D76AD00F07FB3 /* Pods-TumblrTests.release.xcconfig */ = {isa = PBXFileReference; includeInIndex = 1; lastKnownFileType = text.xcconfig; name = "Pods-TumblrTests.release.xcconfig"; path = "Target Support Files/Pods-TumblrTests/Pods-TumblrTests.release.xcconfig"; sourceTree = "<group>"; };
		75202CEB9EE3A136F5CB7900 /* Pods_TumblrTests.framework */ = {isa = PBXFileReference; explicitFileType = wrapper.framework; includeInIndex = 0; path = Pods_TumblrTests.framework; sourceTree = BUILT_PRODUCTS_DIR; };
		82694205F65A05B25299CEC1 /* Pods-TumblrTests.debug.xcconfig */ = {isa = PBXFileReference; includeInIndex = 1; lastKnownFileType = text.xcconfig; name = "Pods-TumblrTests.debug.xcconfig"; path = "Target Support Files/Pods-TumblrTests/Pods-TumblrTests.debug.xcconfig"; sourceTree = "<group>"; };
		97F21DA297B03525314A1BED /* Pods_Tumblr.framework */ = {isa = PBXFileReference; explicitFileType = wrapper.framework; includeInIndex = 0; path = Pods_Tumblr.framework; sourceTree = BUILT_PRODUCTS_DIR; };
		A566046722C5343300B72A5C /* Tumblr.app */ = {isa = PBXFileReference; explicitFileType = wrapper.application; includeInIndex = 0; path = Tumblr.app; sourceTree = BUILT_PRODUCTS_DIR; };
		A566046A22C5343300B72A5C /* AppDelegate.h */ = {isa = PBXFileReference; lastKnownFileType = sourcecode.c.h; path = AppDelegate.h; sourceTree = "<group>"; };
		A566046B22C5343300B72A5C /* AppDelegate.m */ = {isa = PBXFileReference; lastKnownFileType = sourcecode.c.objc; path = AppDelegate.m; sourceTree = "<group>"; };
		A566047122C5343300B72A5C /* Base */ = {isa = PBXFileReference; lastKnownFileType = file.storyboard; name = Base; path = Base.lproj/Main.storyboard; sourceTree = "<group>"; };
		A566047322C5343400B72A5C /* Assets.xcassets */ = {isa = PBXFileReference; lastKnownFileType = folder.assetcatalog; path = Assets.xcassets; sourceTree = "<group>"; };
		A566047622C5343400B72A5C /* Base */ = {isa = PBXFileReference; lastKnownFileType = file.storyboard; name = Base; path = Base.lproj/LaunchScreen.storyboard; sourceTree = "<group>"; };
		A566047822C5343400B72A5C /* Info.plist */ = {isa = PBXFileReference; lastKnownFileType = text.plist.xml; path = Info.plist; sourceTree = "<group>"; };
		A566047922C5343400B72A5C /* main.m */ = {isa = PBXFileReference; lastKnownFileType = sourcecode.c.objc; path = main.m; sourceTree = "<group>"; };
		A566047F22C5343400B72A5C /* TumblrTests.xctest */ = {isa = PBXFileReference; explicitFileType = wrapper.cfbundle; includeInIndex = 0; path = TumblrTests.xctest; sourceTree = BUILT_PRODUCTS_DIR; };
		A566048322C5343400B72A5C /* TumblrTests.m */ = {isa = PBXFileReference; lastKnownFileType = sourcecode.c.objc; path = TumblrTests.m; sourceTree = "<group>"; };
		A566048522C5343400B72A5C /* Info.plist */ = {isa = PBXFileReference; lastKnownFileType = text.plist.xml; path = Info.plist; sourceTree = "<group>"; };
		A566048A22C5343400B72A5C /* TumblrUITests.xctest */ = {isa = PBXFileReference; explicitFileType = wrapper.cfbundle; includeInIndex = 0; path = TumblrUITests.xctest; sourceTree = BUILT_PRODUCTS_DIR; };
		A566048E22C5343400B72A5C /* TumblrUITests.m */ = {isa = PBXFileReference; lastKnownFileType = sourcecode.c.objc; path = TumblrUITests.m; sourceTree = "<group>"; };
		A566049022C5343400B72A5C /* Info.plist */ = {isa = PBXFileReference; lastKnownFileType = text.plist.xml; path = Info.plist; sourceTree = "<group>"; };
		A9E3B6C9D7980303E2FB67A6 /* Pods-Tumblr.release.xcconfig */ = {isa = PBXFileReference; includeInIndex = 1; lastKnownFileType = text.xcconfig; name = "Pods-Tumblr.release.xcconfig"; path = "Target Support Files/Pods-Tumblr/Pods-Tumblr.release.xcconfig"; sourceTree = "<group>"; };
		BE29E62D8AC4B8DC2E538B5A /* Pods-TumblrUITests.release.xcconfig */ = {isa = PBXFileReference; includeInIndex = 1; lastKnownFileType = text.xcconfig; name = "Pods-TumblrUITests.release.xcconfig"; path = "Target Support Files/Pods-TumblrUITests/Pods-TumblrUITests.release.xcconfig"; sourceTree = "<group>"; };
/* End PBXFileReference section */

/* Begin PBXFrameworksBuildPhase section */
		A566046422C5343300B72A5C /* Frameworks */ = {
			isa = PBXFrameworksBuildPhase;
			buildActionMask = 2147483647;
			files = (
				30845BB602A7FA908D103E8D /* Pods_Tumblr.framework in Frameworks */,
			);
			runOnlyForDeploymentPostprocessing = 0;
		};
		A566047C22C5343400B72A5C /* Frameworks */ = {
			isa = PBXFrameworksBuildPhase;
			buildActionMask = 2147483647;
			files = (
				471E158E71E6961B2DE2D8D8 /* Pods_TumblrTests.framework in Frameworks */,
			);
			runOnlyForDeploymentPostprocessing = 0;
		};
		A566048722C5343400B72A5C /* Frameworks */ = {
			isa = PBXFrameworksBuildPhase;
			buildActionMask = 2147483647;
			files = (
				E62A792EB1F1A123CFAD1C40 /* Pods_TumblrUITests.framework in Frameworks */,
			);
			runOnlyForDeploymentPostprocessing = 0;
		};
/* End PBXFrameworksBuildPhase section */

/* Begin PBXGroup section */
		24E05FF522C53BD700834421 /* Views */ = {
			isa = PBXGroup;
			children = (
				24E05FF622C53C1300834421 /* PhotoCell.h */,
				24E05FF722C53C1300834421 /* PhotoCell.m */,
			);
			path = Views;
			sourceTree = "<group>";
		};
		7E6D9410568B5C4D8AEC197F /* Frameworks */ = {
			isa = PBXGroup;
			children = (
				97F21DA297B03525314A1BED /* Pods_Tumblr.framework */,
				75202CEB9EE3A136F5CB7900 /* Pods_TumblrTests.framework */,
				2562C07EE78BCE75560B53F2 /* Pods_TumblrUITests.framework */,
			);
			name = Frameworks;
			sourceTree = "<group>";
		};
		A566045E22C5343300B72A5C = {
			isa = PBXGroup;
			children = (
				A566046922C5343300B72A5C /* Tumblr */,
				A566048222C5343400B72A5C /* TumblrTests */,
				A566048D22C5343400B72A5C /* TumblrUITests */,
				A566046822C5343300B72A5C /* Products */,
				CD9D45DEC4FBB10A0282F7EB /* Pods */,
				7E6D9410568B5C4D8AEC197F /* Frameworks */,
			);
			sourceTree = "<group>";
		};
		A566046822C5343300B72A5C /* Products */ = {
			isa = PBXGroup;
			children = (
				A566046722C5343300B72A5C /* Tumblr.app */,
				A566047F22C5343400B72A5C /* TumblrTests.xctest */,
				A566048A22C5343400B72A5C /* TumblrUITests.xctest */,
			);
			name = Products;
			sourceTree = "<group>";
		};
		A566046922C5343300B72A5C /* Tumblr */ = {
			isa = PBXGroup;
			children = (
				24E05FF522C53BD700834421 /* Views */,
				A566046A22C5343300B72A5C /* AppDelegate.h */,
				A566046B22C5343300B72A5C /* AppDelegate.m */,
				A566047022C5343300B72A5C /* Main.storyboard */,
				A566047322C5343400B72A5C /* Assets.xcassets */,
				A566047522C5343400B72A5C /* LaunchScreen.storyboard */,
				A566047822C5343400B72A5C /* Info.plist */,
				A566047922C5343400B72A5C /* main.m */,
				24E05FF222C536B300834421 /* PhotosViewController.h */,
				24E05FF322C536B300834421 /* PhotosViewController.m */,
			);
			path = Tumblr;
			sourceTree = "<group>";
		};
		A566048222C5343400B72A5C /* TumblrTests */ = {
			isa = PBXGroup;
			children = (
				A566048322C5343400B72A5C /* TumblrTests.m */,
				A566048522C5343400B72A5C /* Info.plist */,
			);
			path = TumblrTests;
			sourceTree = "<group>";
		};
		A566048D22C5343400B72A5C /* TumblrUITests */ = {
			isa = PBXGroup;
			children = (
				A566048E22C5343400B72A5C /* TumblrUITests.m */,
				A566049022C5343400B72A5C /* Info.plist */,
			);
			path = TumblrUITests;
			sourceTree = "<group>";
		};
		CD9D45DEC4FBB10A0282F7EB /* Pods */ = {
			isa = PBXGroup;
			children = (
				2EECFE802837DE2AD49B39F4 /* Pods-Tumblr.debug.xcconfig */,
				A9E3B6C9D7980303E2FB67A6 /* Pods-Tumblr.release.xcconfig */,
				82694205F65A05B25299CEC1 /* Pods-TumblrTests.debug.xcconfig */,
				436B04AA0F3D76AD00F07FB3 /* Pods-TumblrTests.release.xcconfig */,
				0DD6424C345D44866A566DCE /* Pods-TumblrUITests.debug.xcconfig */,
				BE29E62D8AC4B8DC2E538B5A /* Pods-TumblrUITests.release.xcconfig */,
			);
			path = Pods;
			sourceTree = "<group>";
		};
/* End PBXGroup section */

/* Begin PBXNativeTarget section */
		A566046622C5343300B72A5C /* Tumblr */ = {
			isa = PBXNativeTarget;
			buildConfigurationList = A566049322C5343400B72A5C /* Build configuration list for PBXNativeTarget "Tumblr" */;
			buildPhases = (
				37E85C62BC571D229F3CA252 /* [CP] Check Pods Manifest.lock */,
				A566046322C5343300B72A5C /* Sources */,
				A566046422C5343300B72A5C /* Frameworks */,
				A566046522C5343300B72A5C /* Resources */,
				B57620ADCC1294AE577B696C /* [CP] Embed Pods Frameworks */,
			);
			buildRules = (
			);
			dependencies = (
			);
			name = Tumblr;
			productName = Tumblr;
			productReference = A566046722C5343300B72A5C /* Tumblr.app */;
			productType = "com.apple.product-type.application";
		};
		A566047E22C5343400B72A5C /* TumblrTests */ = {
			isa = PBXNativeTarget;
			buildConfigurationList = A566049622C5343400B72A5C /* Build configuration list for PBXNativeTarget "TumblrTests" */;
			buildPhases = (
				4099D4ED5AA8E38CE99F9957 /* [CP] Check Pods Manifest.lock */,
				A566047B22C5343400B72A5C /* Sources */,
				A566047C22C5343400B72A5C /* Frameworks */,
				A566047D22C5343400B72A5C /* Resources */,
			);
			buildRules = (
			);
			dependencies = (
				A566048122C5343400B72A5C /* PBXTargetDependency */,
			);
			name = TumblrTests;
			productName = TumblrTests;
			productReference = A566047F22C5343400B72A5C /* TumblrTests.xctest */;
			productType = "com.apple.product-type.bundle.unit-test";
		};
		A566048922C5343400B72A5C /* TumblrUITests */ = {
			isa = PBXNativeTarget;
			buildConfigurationList = A566049922C5343400B72A5C /* Build configuration list for PBXNativeTarget "TumblrUITests" */;
			buildPhases = (
				046A6FAD349529268299FECC /* [CP] Check Pods Manifest.lock */,
				A566048622C5343400B72A5C /* Sources */,
				A566048722C5343400B72A5C /* Frameworks */,
				A566048822C5343400B72A5C /* Resources */,
			);
			buildRules = (
			);
			dependencies = (
				A566048C22C5343400B72A5C /* PBXTargetDependency */,
			);
			name = TumblrUITests;
			productName = TumblrUITests;
			productReference = A566048A22C5343400B72A5C /* TumblrUITests.xctest */;
			productType = "com.apple.product-type.bundle.ui-testing";
		};
/* End PBXNativeTarget section */

/* Begin PBXProject section */
		A566045F22C5343300B72A5C /* Project object */ = {
			isa = PBXProject;
			attributes = {
				LastUpgradeCheck = 1020;
				ORGANIZATIONNAME = codepath;
				TargetAttributes = {
					A566046622C5343300B72A5C = {
						CreatedOnToolsVersion = 10.2.1;
					};
					A566047E22C5343400B72A5C = {
						CreatedOnToolsVersion = 10.2.1;
						TestTargetID = A566046622C5343300B72A5C;
					};
					A566048922C5343400B72A5C = {
						CreatedOnToolsVersion = 10.2.1;
						TestTargetID = A566046622C5343300B72A5C;
					};
				};
			};
			buildConfigurationList = A566046222C5343300B72A5C /* Build configuration list for PBXProject "Tumblr" */;
			compatibilityVersion = "Xcode 9.3";
			developmentRegion = en;
			hasScannedForEncodings = 0;
			knownRegions = (
				en,
				Base,
			);
			mainGroup = A566045E22C5343300B72A5C;
			productRefGroup = A566046822C5343300B72A5C /* Products */;
			projectDirPath = "";
			projectRoot = "";
			targets = (
				A566046622C5343300B72A5C /* Tumblr */,
				A566047E22C5343400B72A5C /* TumblrTests */,
				A566048922C5343400B72A5C /* TumblrUITests */,
			);
		};
/* End PBXProject section */

/* Begin PBXResourcesBuildPhase section */
		A566046522C5343300B72A5C /* Resources */ = {
			isa = PBXResourcesBuildPhase;
			buildActionMask = 2147483647;
			files = (
				A566047722C5343400B72A5C /* LaunchScreen.storyboard in Resources */,
				A566047422C5343400B72A5C /* Assets.xcassets in Resources */,
				A566047222C5343300B72A5C /* Main.storyboard in Resources */,
			);
			runOnlyForDeploymentPostprocessing = 0;
		};
		A566047D22C5343400B72A5C /* Resources */ = {
			isa = PBXResourcesBuildPhase;
			buildActionMask = 2147483647;
			files = (
			);
			runOnlyForDeploymentPostprocessing = 0;
		};
		A566048822C5343400B72A5C /* Resources */ = {
			isa = PBXResourcesBuildPhase;
			buildActionMask = 2147483647;
			files = (
			);
			runOnlyForDeploymentPostprocessing = 0;
		};
/* End PBXResourcesBuildPhase section */

/* Begin PBXShellScriptBuildPhase section */
		046A6FAD349529268299FECC /* [CP] Check Pods Manifest.lock */ = {
			isa = PBXShellScriptBuildPhase;
			buildActionMask = 2147483647;
			files = (
			);
			inputFileListPaths = (
			);
			inputPaths = (
				"${PODS_PODFILE_DIR_PATH}/Podfile.lock",
				"${PODS_ROOT}/Manifest.lock",
			);
			name = "[CP] Check Pods Manifest.lock";
			outputFileListPaths = (
			);
			outputPaths = (
				"$(DERIVED_FILE_DIR)/Pods-TumblrUITests-checkManifestLockResult.txt",
			);
			runOnlyForDeploymentPostprocessing = 0;
			shellPath = /bin/sh;
			shellScript = "diff \"${PODS_PODFILE_DIR_PATH}/Podfile.lock\" \"${PODS_ROOT}/Manifest.lock\" > /dev/null\nif [ $? != 0 ] ; then\n    # print error to STDERR\n    echo \"error: The sandbox is not in sync with the Podfile.lock. Run 'pod install' or update your CocoaPods installation.\" >&2\n    exit 1\nfi\n# This output is used by Xcode 'outputs' to avoid re-running this script phase.\necho \"SUCCESS\" > \"${SCRIPT_OUTPUT_FILE_0}\"\n";
			showEnvVarsInLog = 0;
		};
		37E85C62BC571D229F3CA252 /* [CP] Check Pods Manifest.lock */ = {
			isa = PBXShellScriptBuildPhase;
			buildActionMask = 2147483647;
			files = (
			);
			inputFileListPaths = (
			);
			inputPaths = (
				"${PODS_PODFILE_DIR_PATH}/Podfile.lock",
				"${PODS_ROOT}/Manifest.lock",
			);
			name = "[CP] Check Pods Manifest.lock";
			outputFileListPaths = (
			);
			outputPaths = (
				"$(DERIVED_FILE_DIR)/Pods-Tumblr-checkManifestLockResult.txt",
			);
			runOnlyForDeploymentPostprocessing = 0;
			shellPath = /bin/sh;
			shellScript = "diff \"${PODS_PODFILE_DIR_PATH}/Podfile.lock\" \"${PODS_ROOT}/Manifest.lock\" > /dev/null\nif [ $? != 0 ] ; then\n    # print error to STDERR\n    echo \"error: The sandbox is not in sync with the Podfile.lock. Run 'pod install' or update your CocoaPods installation.\" >&2\n    exit 1\nfi\n# This output is used by Xcode 'outputs' to avoid re-running this script phase.\necho \"SUCCESS\" > \"${SCRIPT_OUTPUT_FILE_0}\"\n";
			showEnvVarsInLog = 0;
		};
		4099D4ED5AA8E38CE99F9957 /* [CP] Check Pods Manifest.lock */ = {
			isa = PBXShellScriptBuildPhase;
			buildActionMask = 2147483647;
			files = (
			);
			inputFileListPaths = (
			);
			inputPaths = (
				"${PODS_PODFILE_DIR_PATH}/Podfile.lock",
				"${PODS_ROOT}/Manifest.lock",
			);
			name = "[CP] Check Pods Manifest.lock";
			outputFileListPaths = (
			);
			outputPaths = (
				"$(DERIVED_FILE_DIR)/Pods-TumblrTests-checkManifestLockResult.txt",
			);
			runOnlyForDeploymentPostprocessing = 0;
			shellPath = /bin/sh;
			shellScript = "diff \"${PODS_PODFILE_DIR_PATH}/Podfile.lock\" \"${PODS_ROOT}/Manifest.lock\" > /dev/null\nif [ $? != 0 ] ; then\n    # print error to STDERR\n    echo \"error: The sandbox is not in sync with the Podfile.lock. Run 'pod install' or update your CocoaPods installation.\" >&2\n    exit 1\nfi\n# This output is used by Xcode 'outputs' to avoid re-running this script phase.\necho \"SUCCESS\" > \"${SCRIPT_OUTPUT_FILE_0}\"\n";
			showEnvVarsInLog = 0;
		};
		B57620ADCC1294AE577B696C /* [CP] Embed Pods Frameworks */ = {
			isa = PBXShellScriptBuildPhase;
			buildActionMask = 2147483647;
			files = (
			);
			inputFileListPaths = (
				"${PODS_ROOT}/Target Support Files/Pods-Tumblr/Pods-Tumblr-frameworks-${CONFIGURATION}-input-files.xcfilelist",
			);
			name = "[CP] Embed Pods Frameworks";
			outputFileListPaths = (
				"${PODS_ROOT}/Target Support Files/Pods-Tumblr/Pods-Tumblr-frameworks-${CONFIGURATION}-output-files.xcfilelist",
			);
			runOnlyForDeploymentPostprocessing = 0;
			shellPath = /bin/sh;
			shellScript = "\"${PODS_ROOT}/Target Support Files/Pods-Tumblr/Pods-Tumblr-frameworks.sh\"\n";
			showEnvVarsInLog = 0;
		};
/* End PBXShellScriptBuildPhase section */

/* Begin PBXSourcesBuildPhase section */
		A566046322C5343300B72A5C /* Sources */ = {
			isa = PBXSourcesBuildPhase;
			buildActionMask = 2147483647;
			files = (
				24E05FF822C53C1300834421 /* PhotoCell.m in Sources */,
				A566047A22C5343400B72A5C /* main.m in Sources */,
				24E05FF422C536B300834421 /* PhotosViewController.m in Sources */,
				A566046C22C5343300B72A5C /* AppDelegate.m in Sources */,
			);
			runOnlyForDeploymentPostprocessing = 0;
		};
		A566047B22C5343400B72A5C /* Sources */ = {
			isa = PBXSourcesBuildPhase;
			buildActionMask = 2147483647;
			files = (
				A566048422C5343400B72A5C /* TumblrTests.m in Sources */,
			);
			runOnlyForDeploymentPostprocessing = 0;
		};
		A566048622C5343400B72A5C /* Sources */ = {
			isa = PBXSourcesBuildPhase;
			buildActionMask = 2147483647;
			files = (
				A566048F22C5343400B72A5C /* TumblrUITests.m in Sources */,
			);
			runOnlyForDeploymentPostprocessing = 0;
		};
/* End PBXSourcesBuildPhase section */

/* Begin PBXTargetDependency section */
		A566048122C5343400B72A5C /* PBXTargetDependency */ = {
			isa = PBXTargetDependency;
			target = A566046622C5343300B72A5C /* Tumblr */;
			targetProxy = A566048022C5343400B72A5C /* PBXContainerItemProxy */;
		};
		A566048C22C5343400B72A5C /* PBXTargetDependency */ = {
			isa = PBXTargetDependency;
			target = A566046622C5343300B72A5C /* Tumblr */;
			targetProxy = A566048B22C5343400B72A5C /* PBXContainerItemProxy */;
		};
/* End PBXTargetDependency section */

/* Begin PBXVariantGroup section */
		A566047022C5343300B72A5C /* Main.storyboard */ = {
			isa = PBXVariantGroup;
			children = (
				A566047122C5343300B72A5C /* Base */,
			);
			name = Main.storyboard;
			sourceTree = "<group>";
		};
		A566047522C5343400B72A5C /* LaunchScreen.storyboard */ = {
			isa = PBXVariantGroup;
			children = (
				A566047622C5343400B72A5C /* Base */,
			);
			name = LaunchScreen.storyboard;
			sourceTree = "<group>";
		};
/* End PBXVariantGroup section */

/* Begin XCBuildConfiguration section */
		A566049122C5343400B72A5C /* Debug */ = {
			isa = XCBuildConfiguration;
			buildSettings = {
				ALWAYS_SEARCH_USER_PATHS = NO;
				CLANG_ANALYZER_NONNULL = YES;
				CLANG_ANALYZER_NUMBER_OBJECT_CONVERSION = YES_AGGRESSIVE;
				CLANG_CXX_LANGUAGE_STANDARD = "gnu++14";
				CLANG_CXX_LIBRARY = "libc++";
				CLANG_ENABLE_MODULES = YES;
				CLANG_ENABLE_OBJC_ARC = YES;
				CLANG_ENABLE_OBJC_WEAK = YES;
				CLANG_WARN_BLOCK_CAPTURE_AUTORELEASING = YES;
				CLANG_WARN_BOOL_CONVERSION = YES;
				CLANG_WARN_COMMA = YES;
				CLANG_WARN_CONSTANT_CONVERSION = YES;
				CLANG_WARN_DEPRECATED_OBJC_IMPLEMENTATIONS = YES;
				CLANG_WARN_DIRECT_OBJC_ISA_USAGE = YES_ERROR;
				CLANG_WARN_DOCUMENTATION_COMMENTS = YES;
				CLANG_WARN_EMPTY_BODY = YES;
				CLANG_WARN_ENUM_CONVERSION = YES;
				CLANG_WARN_INFINITE_RECURSION = YES;
				CLANG_WARN_INT_CONVERSION = YES;
				CLANG_WARN_NON_LITERAL_NULL_CONVERSION = YES;
				CLANG_WARN_OBJC_IMPLICIT_RETAIN_SELF = YES;
				CLANG_WARN_OBJC_LITERAL_CONVERSION = YES;
				CLANG_WARN_OBJC_ROOT_CLASS = YES_ERROR;
				CLANG_WARN_RANGE_LOOP_ANALYSIS = YES;
				CLANG_WARN_STRICT_PROTOTYPES = YES;
				CLANG_WARN_SUSPICIOUS_MOVE = YES;
				CLANG_WARN_UNGUARDED_AVAILABILITY = YES_AGGRESSIVE;
				CLANG_WARN_UNREACHABLE_CODE = YES;
				CLANG_WARN__DUPLICATE_METHOD_MATCH = YES;
				CODE_SIGN_IDENTITY = "iPhone Developer";
				COPY_PHASE_STRIP = NO;
				DEBUG_INFORMATION_FORMAT = dwarf;
				ENABLE_STRICT_OBJC_MSGSEND = YES;
				ENABLE_TESTABILITY = YES;
				GCC_C_LANGUAGE_STANDARD = gnu11;
				GCC_DYNAMIC_NO_PIC = NO;
				GCC_NO_COMMON_BLOCKS = YES;
				GCC_OPTIMIZATION_LEVEL = 0;
				GCC_PREPROCESSOR_DEFINITIONS = (
					"DEBUG=1",
					"$(inherited)",
				);
				GCC_WARN_64_TO_32_BIT_CONVERSION = YES;
				GCC_WARN_ABOUT_RETURN_TYPE = YES_ERROR;
				GCC_WARN_UNDECLARED_SELECTOR = YES;
				GCC_WARN_UNINITIALIZED_AUTOS = YES_AGGRESSIVE;
				GCC_WARN_UNUSED_FUNCTION = YES;
				GCC_WARN_UNUSED_VARIABLE = YES;
				IPHONEOS_DEPLOYMENT_TARGET = 12.2;
				MTL_ENABLE_DEBUG_INFO = INCLUDE_SOURCE;
				MTL_FAST_MATH = YES;
				ONLY_ACTIVE_ARCH = YES;
				SDKROOT = iphoneos;
			};
			name = Debug;
		};
		A566049222C5343400B72A5C /* Release */ = {
			isa = XCBuildConfiguration;
			buildSettings = {
				ALWAYS_SEARCH_USER_PATHS = NO;
				CLANG_ANALYZER_NONNULL = YES;
				CLANG_ANALYZER_NUMBER_OBJECT_CONVERSION = YES_AGGRESSIVE;
				CLANG_CXX_LANGUAGE_STANDARD = "gnu++14";
				CLANG_CXX_LIBRARY = "libc++";
				CLANG_ENABLE_MODULES = YES;
				CLANG_ENABLE_OBJC_ARC = YES;
				CLANG_ENABLE_OBJC_WEAK = YES;
				CLANG_WARN_BLOCK_CAPTURE_AUTORELEASING = YES;
				CLANG_WARN_BOOL_CONVERSION = YES;
				CLANG_WARN_COMMA = YES;
				CLANG_WARN_CONSTANT_CONVERSION = YES;
				CLANG_WARN_DEPRECATED_OBJC_IMPLEMENTATIONS = YES;
				CLANG_WARN_DIRECT_OBJC_ISA_USAGE = YES_ERROR;
				CLANG_WARN_DOCUMENTATION_COMMENTS = YES;
				CLANG_WARN_EMPTY_BODY = YES;
				CLANG_WARN_ENUM_CONVERSION = YES;
				CLANG_WARN_INFINITE_RECURSION = YES;
				CLANG_WARN_INT_CONVERSION = YES;
				CLANG_WARN_NON_LITERAL_NULL_CONVERSION = YES;
				CLANG_WARN_OBJC_IMPLICIT_RETAIN_SELF = YES;
				CLANG_WARN_OBJC_LITERAL_CONVERSION = YES;
				CLANG_WARN_OBJC_ROOT_CLASS = YES_ERROR;
				CLANG_WARN_RANGE_LOOP_ANALYSIS = YES;
				CLANG_WARN_STRICT_PROTOTYPES = YES;
				CLANG_WARN_SUSPICIOUS_MOVE = YES;
				CLANG_WARN_UNGUARDED_AVAILABILITY = YES_AGGRESSIVE;
				CLANG_WARN_UNREACHABLE_CODE = YES;
				CLANG_WARN__DUPLICATE_METHOD_MATCH = YES;
				CODE_SIGN_IDENTITY = "iPhone Developer";
				COPY_PHASE_STRIP = NO;
				DEBUG_INFORMATION_FORMAT = "dwarf-with-dsym";
				ENABLE_NS_ASSERTIONS = NO;
				ENABLE_STRICT_OBJC_MSGSEND = YES;
				GCC_C_LANGUAGE_STANDARD = gnu11;
				GCC_NO_COMMON_BLOCKS = YES;
				GCC_WARN_64_TO_32_BIT_CONVERSION = YES;
				GCC_WARN_ABOUT_RETURN_TYPE = YES_ERROR;
				GCC_WARN_UNDECLARED_SELECTOR = YES;
				GCC_WARN_UNINITIALIZED_AUTOS = YES_AGGRESSIVE;
				GCC_WARN_UNUSED_FUNCTION = YES;
				GCC_WARN_UNUSED_VARIABLE = YES;
				IPHONEOS_DEPLOYMENT_TARGET = 12.2;
				MTL_ENABLE_DEBUG_INFO = NO;
				MTL_FAST_MATH = YES;
				SDKROOT = iphoneos;
				VALIDATE_PRODUCT = YES;
			};
			name = Release;
		};
		A566049422C5343400B72A5C /* Debug */ = {
			isa = XCBuildConfiguration;
			baseConfigurationReference = 2EECFE802837DE2AD49B39F4 /* Pods-Tumblr.debug.xcconfig */;
			buildSettings = {
				ASSETCATALOG_COMPILER_APPICON_NAME = AppIcon;
				CODE_SIGN_STYLE = Automatic;
				DEVELOPMENT_TEAM = C45J47S9V6;
				INFOPLIST_FILE = Tumblr/Info.plist;
				LD_RUNPATH_SEARCH_PATHS = (
					"$(inherited)",
					"@executable_path/Frameworks",
				);
				PRODUCT_BUNDLE_IDENTIFIER = com.ssilverst.Tumblr;
				PRODUCT_NAME = "$(TARGET_NAME)";
				TARGETED_DEVICE_FAMILY = "1,2";
			};
			name = Debug;
		};
		A566049522C5343400B72A5C /* Release */ = {
			isa = XCBuildConfiguration;
			baseConfigurationReference = A9E3B6C9D7980303E2FB67A6 /* Pods-Tumblr.release.xcconfig */;
			buildSettings = {
				ASSETCATALOG_COMPILER_APPICON_NAME = AppIcon;
				CODE_SIGN_STYLE = Automatic;
				DEVELOPMENT_TEAM = C45J47S9V6;
				INFOPLIST_FILE = Tumblr/Info.plist;
				LD_RUNPATH_SEARCH_PATHS = (
					"$(inherited)",
					"@executable_path/Frameworks",
				);
				PRODUCT_BUNDLE_IDENTIFIER = com.ssilverst.Tumblr;
				PRODUCT_NAME = "$(TARGET_NAME)";
				TARGETED_DEVICE_FAMILY = "1,2";
			};
			name = Release;
		};
		A566049722C5343400B72A5C /* Debug */ = {
			isa = XCBuildConfiguration;
			baseConfigurationReference = 82694205F65A05B25299CEC1 /* Pods-TumblrTests.debug.xcconfig */;
			buildSettings = {
				BUNDLE_LOADER = "$(TEST_HOST)";
				CODE_SIGN_STYLE = Automatic;
				DEVELOPMENT_TEAM = C45J47S9V6;
				INFOPLIST_FILE = TumblrTests/Info.plist;
				LD_RUNPATH_SEARCH_PATHS = (
					"$(inherited)",
					"@executable_path/Frameworks",
					"@loader_path/Frameworks",
				);
				PRODUCT_BUNDLE_IDENTIFIER = com.ssilverst.TumblrTests;
				PRODUCT_NAME = "$(TARGET_NAME)";
				TARGETED_DEVICE_FAMILY = "1,2";
				TEST_HOST = "$(BUILT_PRODUCTS_DIR)/Tumblr.app/Tumblr";
			};
			name = Debug;
		};
		A566049822C5343400B72A5C /* Release */ = {
			isa = XCBuildConfiguration;
			baseConfigurationReference = 436B04AA0F3D76AD00F07FB3 /* Pods-TumblrTests.release.xcconfig */;
			buildSettings = {
				BUNDLE_LOADER = "$(TEST_HOST)";
				CODE_SIGN_STYLE = Automatic;
				DEVELOPMENT_TEAM = C45J47S9V6;
				INFOPLIST_FILE = TumblrTests/Info.plist;
				LD_RUNPATH_SEARCH_PATHS = (
					"$(inherited)",
					"@executable_path/Frameworks",
					"@loader_path/Frameworks",
				);
				PRODUCT_BUNDLE_IDENTIFIER = com.ssilverst.TumblrTests;
				PRODUCT_NAME = "$(TARGET_NAME)";
				TARGETED_DEVICE_FAMILY = "1,2";
				TEST_HOST = "$(BUILT_PRODUCTS_DIR)/Tumblr.app/Tumblr";
			};
			name = Release;
		};
		A566049A22C5343400B72A5C /* Debug */ = {
			isa = XCBuildConfiguration;
			baseConfigurationReference = 0DD6424C345D44866A566DCE /* Pods-TumblrUITests.debug.xcconfig */;
			buildSettings = {
				CODE_SIGN_STYLE = Automatic;
				DEVELOPMENT_TEAM = C45J47S9V6;
				INFOPLIST_FILE = TumblrUITests/Info.plist;
				LD_RUNPATH_SEARCH_PATHS = (
					"$(inherited)",
					"@executable_path/Frameworks",
					"@loader_path/Frameworks",
				);
				PRODUCT_BUNDLE_IDENTIFIER = com.ssilverst.TumblrUITests;
				PRODUCT_NAME = "$(TARGET_NAME)";
				TARGETED_DEVICE_FAMILY = "1,2";
				TEST_TARGET_NAME = Tumblr;
			};
			name = Debug;
		};
		A566049B22C5343400B72A5C /* Release */ = {
			isa = XCBuildConfiguration;
			baseConfigurationReference = BE29E62D8AC4B8DC2E538B5A /* Pods-TumblrUITests.release.xcconfig */;
			buildSettings = {
				CODE_SIGN_STYLE = Automatic;
				DEVELOPMENT_TEAM = C45J47S9V6;
				INFOPLIST_FILE = TumblrUITests/Info.plist;
				LD_RUNPATH_SEARCH_PATHS = (
					"$(inherited)",
					"@executable_path/Frameworks",
					"@loader_path/Frameworks",
				);
				PRODUCT_BUNDLE_IDENTIFIER = com.ssilverst.TumblrUITests;
				PRODUCT_NAME = "$(TARGET_NAME)";
				TARGETED_DEVICE_FAMILY = "1,2";
				TEST_TARGET_NAME = Tumblr;
			};
			name = Release;
		};
/* End XCBuildConfiguration section */

/* Begin XCConfigurationList section */
		A566046222C5343300B72A5C /* Build configuration list for PBXProject "Tumblr" */ = {
			isa = XCConfigurationList;
			buildConfigurations = (
				A566049122C5343400B72A5C /* Debug */,
				A566049222C5343400B72A5C /* Release */,
			);
			defaultConfigurationIsVisible = 0;
			defaultConfigurationName = Release;
		};
		A566049322C5343400B72A5C /* Build configuration list for PBXNativeTarget "Tumblr" */ = {
			isa = XCConfigurationList;
			buildConfigurations = (
				A566049422C5343400B72A5C /* Debug */,
				A566049522C5343400B72A5C /* Release */,
			);
			defaultConfigurationIsVisible = 0;
			defaultConfigurationName = Release;
		};
		A566049622C5343400B72A5C /* Build configuration list for PBXNativeTarget "TumblrTests" */ = {
			isa = XCConfigurationList;
			buildConfigurations = (
				A566049722C5343400B72A5C /* Debug */,
				A566049822C5343400B72A5C /* Release */,
			);
			defaultConfigurationIsVisible = 0;
			defaultConfigurationName = Release;
		};
		A566049922C5343400B72A5C /* Build configuration list for PBXNativeTarget "TumblrUITests" */ = {
			isa = XCConfigurationList;
			buildConfigurations = (
				A566049A22C5343400B72A5C /* Debug */,
				A566049B22C5343400B72A5C /* Release */,
			);
			defaultConfigurationIsVisible = 0;
			defaultConfigurationName = Release;
		};
/* End XCConfigurationList section */
	};
	rootObject = A566045F22C5343300B72A5C /* Project object */;
}
